<?xml version="1.0" encoding="utf-8"?>
<Project ToolsVersion="4.0" xmlns="http://schemas.microsoft.com/developer/msbuild/2003">
  <ItemGroup>
    <Filter Include="Source Files">
      <UniqueIdentifier>{a4802e69-aeff-4e63-8ae4-7052d05857de}</UniqueIdentifier>
      <Extensions>cpp;c;cxx;def;odl;idl;hpj;bat;asm</Extensions>
    </Filter>
    <Filter Include="Source Files\LavishScript Extensions">
      <UniqueIdentifier>{eab303fa-0cea-400a-a8e3-1ea38631ea94}</UniqueIdentifier>
    </Filter>
    <Filter Include="Source Files\LavishGUI Elements">
      <UniqueIdentifier>{9839d04d-bb69-43d5-8264-7bf4b05b5870}</UniqueIdentifier>
    </Filter>
    <Filter Include="Source Files\Services">
      <UniqueIdentifier>{bba140e4-cb60-4190-9670-3b42815b4b52}</UniqueIdentifier>
    </Filter>
    <Filter Include="Source Files\lua">
      <UniqueIdentifier>{f7480020-cd58-4e07-9921-7edf6232942f}</UniqueIdentifier>
    </Filter>
    <Filter Include="Header Files">
      <UniqueIdentifier>{67c7e69b-e114-41a4-8158-5e03f19b2f61}</UniqueIdentifier>
      <Extensions>h;hpp;hxx;hm;inl;inc</Extensions>
    </Filter>
    <Filter Include="Header Files\LavishScript Extensions">
      <UniqueIdentifier>{5667a014-0cb5-43db-9d15-30b671c1fcc2}</UniqueIdentifier>
    </Filter>
    <Filter Include="Header Files\LavishScript Extensions\Lists">
      <UniqueIdentifier>{c84fb736-f2f3-4227-923e-e86a5c128afa}</UniqueIdentifier>
    </Filter>
    <Filter Include="Header Files\LavishGUI Elements">
      <UniqueIdentifier>{52b6e3b9-36e1-4a91-aff8-3068fac12a48}</UniqueIdentifier>
    </Filter>
    <Filter Include="Header Files\Services">
      <UniqueIdentifier>{2fff6105-3953-4ecb-840d-dbda2be63478}</UniqueIdentifier>
    </Filter>
    <Filter Include="Header Files\Services\List">
      <UniqueIdentifier>{7308c98e-1dfc-4342-908c-8b3167cd8496}</UniqueIdentifier>
    </Filter>
    <Filter Include="Header Files\lua">
      <UniqueIdentifier>{f61570c6-7635-4a1f-b139-883f82b69de9}</UniqueIdentifier>
    </Filter>
  </ItemGroup>
  <ItemGroup>
    <ClCompile Include="ISXLua5.cpp">
      <Filter>Source Files</Filter>
    </ClCompile>
    <ClCompile Include="ISXLuaEngine.cpp">
      <Filter>Source Files</Filter>
    </ClCompile>
    <ClCompile Include="lislib.cpp">
      <Filter>Source Files</Filter>
    </ClCompile>
    <ClCompile Include="llslib.cpp">
      <Filter>Source Files</Filter>
    </ClCompile>
    <ClCompile Include="Commands.cpp">
      <Filter>Source Files\LavishScript Extensions</Filter>
    </ClCompile>
    <ClCompile Include="DataTypes.cpp">
      <Filter>Source Files\LavishScript Extensions</Filter>
    </ClCompile>
    <ClCompile Include="TopLevelObjects.cpp">
      <Filter>Source Files\LavishScript Extensions</Filter>
    </ClCompile>
    <ClCompile Include="LGUILua5Frame.cpp">
      <Filter>Source Files\LavishGUI Elements</Filter>
    </ClCompile>
    <ClCompile Include="Services.cpp">
      <Filter>Source Files\Services</Filter>
    </ClCompile>
    <ClCompile Include="lua-5.0.2\src\lapi.c">
      <Filter>Source Files\lua</Filter>
    </ClCompile>
    <ClCompile Include="lua-5.0.2\src\lib\lauxlib.c">
      <Filter>Source Files\lua</Filter>
    </ClCompile>
    <ClCompile Include="lua-5.0.2\src\lib\lbaselib.c">
      <Filter>Source Files\lua</Filter>
    </ClCompile>
    <ClCompile Include="lua-5.0.2\src\lcode.c">
      <Filter>Source Files\lua</Filter>
    </ClCompile>
    <ClCompile Include="lua-5.0.2\src\lib\ldblib.c">
      <Filter>Source Files\lua</Filter>
    </ClCompile>
    <ClCompile Include="lua-5.0.2\src\ldebug.c">
      <Filter>Source Files\lua</Filter>
    </ClCompile>
    <ClCompile Include="lua-5.0.2\src\ldo.c">
      <Filter>Source Files\lua</Filter>
    </ClCompile>
    <ClCompile Include="lua-5.0.2\src\ldump.c">
      <Filter>Source Files\lua</Filter>
    </ClCompile>
    <ClCompile Include="lua-5.0.2\src\lfunc.c">
      <Filter>Source Files\lua</Filter>
    </ClCompile>
    <ClCompile Include="lua-5.0.2\src\lgc.c">
      <Filter>Source Files\lua</Filter>
    </ClCompile>
    <ClCompile Include="lua-5.0.2\src\lib\liolib.c">
      <Filter>Source Files\lua</Filter>
    </ClCompile>
    <ClCompile Include="lua-5.0.2\src\llex.c">
      <Filter>Source Files\lua</Filter>
    </ClCompile>
    <ClCompile Include="lua-5.0.2\src\lib\lmathlib.c">
      <Filter>Source Files\lua</Filter>
    </ClCompile>
    <ClCompile Include="lua-5.0.2\src\lmem.c">
      <Filter>Source Files\lua</Filter>
    </ClCompile>
    <ClCompile Include="lua-5.0.2\src\lib\loadlib.c">
      <Filter>Source Files\lua</Filter>
    </ClCompile>
    <ClCompile Include="lua-5.0.2\src\lobject.c">
      <Filter>Source Files\lua</Filter>
    </ClCompile>
    <ClCompile Include="lua-5.0.2\src\lopcodes.c">
      <Filter>Source Files\lua</Filter>
    </ClCompile>
    <ClCompile Include="lua-5.0.2\src\lparser.c">
      <Filter>Source Files\lua</Filter>
    </ClCompile>
    <ClCompile Include="lua-5.0.2\src\lstate.c">
      <Filter>Source Files\lua</Filter>
    </ClCompile>
    <ClCompile Include="lua-5.0.2\src\lstring.c">
      <Filter>Source Files\lua</Filter>
    </ClCompile>
    <ClCompile Include="lua-5.0.2\src\lib\lstrlib.c">
      <Filter>Source Files\lua</Filter>
    </ClCompile>
    <ClCompile Include="lua-5.0.2\src\ltable.c">
      <Filter>Source Files\lua</Filter>
    </ClCompile>
    <ClCompile Include="lua-5.0.2\src\lib\ltablib.c">
      <Filter>Source Files\lua</Filter>
    </ClCompile>
    <ClCompile Include="lua-5.0.2\src\ltests.c">
      <Filter>Source Files\lua</Filter>
    </ClCompile>
    <ClCompile Include="lua-5.0.2\src\ltm.c">
      <Filter>Source Files\lua</Filter>
    </ClCompile>
    <ClCompile Include="lua-5.0.2\src\lundump.c">
      <Filter>Source Files\lua</Filter>
    </ClCompile>
    <ClCompile Include="lua-5.0.2\src\lvm.c">
      <Filter>Source Files\lua</Filter>
    </ClCompile>
    <ClCompile Include="lua-5.0.2\src\lzio.c">
      <Filter>Source Files\lua</Filter>
    </ClCompile>
  </ItemGroup>
  <ItemGroup>
    <ClInclude Include="ISXLua5.h">
      <Filter>Header Files</Filter>
    </ClInclude>
    <ClInclude Include="ISXLuaEngine.h">
      <Filter>Header Files</Filter>
    </ClInclude>
    <ClInclude Include="DataTypes.h">
      <Filter>Header Files\LavishScript Extensions</Filter>
    </ClInclude>
    <ClInclude Include="Commands.h">
      <Filter>Header Files\LavishScript Extensions\Lists</Filter>
    </ClInclude>
    <ClInclude Include="DataTypeList.h">
      <Filter>Header Files\LavishScript Extensions\Lists</Filter>
    </ClInclude>
    <ClInclude Include="TopLevelObjects.h">
      <Filter>Header Files\LavishScript Extensions\Lists</Filter>
    </ClInclude>
    <ClInclude Include="LGUILua5Frame.h">
      <Filter>Header Files\LavishGUI Elements</Filter>
    </ClInclude>
    <ClInclude Include="ISXLua5Services.h">
      <Filter>Header Files\Services</Filter>
    </ClInclude>
    <ClInclude Include="Services.h">
      <Filter>Header Files\Services\List</Filter>
    </ClInclude>
    <ClInclude Include="lua-5.0.2\include\lauxlib.h">
      <Filter>Header Files\lua</Filter>
    </ClInclude>
    <ClInclude Include="lua-5.0.2\include\lua.h">
      <Filter>Header Files\lua</Filter>
    </ClInclude>
    <ClInclude Include="lua-5.0.2\include\lualib.h">
      <Filter>Header Files\lua</Filter>
    </ClInclude>
  </ItemGroup>
</Project>