
Microsoft Visual Studio Solution File, Format Version 9.00
# Visual Studio 2005
Project("{FAE04EC0-301F-11D3-BF4B-00C04F79EFBC}") = "ISXVGDotNet", "ISXVGDotNet.csproj", "{8A670200-5670-4929-B848-5534FC90700B}"
EndProject
Global
	GlobalSection(SolutionConfigurationPlatforms) = preSolution
		Debug|Any CPU = Debug|Any CPU
		Release|Any CPU = Release|Any CPU
	EndGlobalSection
	GlobalSection(ProjectConfigurationPlatforms) = postSolution
		{8A670200-5670-4929-B848-5534FC90700B}.Debug|Any CPU.ActiveCfg = Debug|Any CPU
		{8A670200-5670-4929-B848-5534FC90700B}.Debug|Any CPU.Build.0 = Debug|Any CPU
		{8A670200-5670-4929-B848-5534FC90700B}.Release|Any CPU.ActiveCfg = Release|Any CPU
		{8A670200-5670-4929-B848-5534FC90700B}.Release|Any CPU.Build.0 = Release|Any CPU
	EndGlobalSection
	GlobalSection(SolutionProperties) = preSolution
		HideSolutionNode = FALSE
	EndGlobalSection
EndGlobal
