
Microsoft Visual Studio Solution File, Format Version 9.00
# Visual Studio 2005
Project("{FAE04EC0-301F-11D3-BF4B-00C04F79EFBC}") = "ISXEQ2DotNet", "ISXEQ2DotNet.csproj", "{47396140-1742-4D74-9F01-FF6AF3C4B9AE}"
EndProject
Global
	GlobalSection(SolutionConfigurationPlatforms) = preSolution
		Debug|Any CPU = Debug|Any CPU
		Release|Any CPU = Release|Any CPU
	EndGlobalSection
	GlobalSection(ProjectConfigurationPlatforms) = postSolution
		{47396140-1742-4D74-9F01-FF6AF3C4B9AE}.Debug|Any CPU.ActiveCfg = Debug|Any CPU
		{47396140-1742-4D74-9F01-FF6AF3C4B9AE}.Debug|Any CPU.Build.0 = Debug|Any CPU
		{47396140-1742-4D74-9F01-FF6AF3C4B9AE}.Release|Any CPU.ActiveCfg = Release|Any CPU
		{47396140-1742-4D74-9F01-FF6AF3C4B9AE}.Release|Any CPU.Build.0 = Release|Any CPU
	EndGlobalSection
	GlobalSection(SolutionProperties) = preSolution
		HideSolutionNode = FALSE
	EndGlobalSection
EndGlobal
